
Microsoft Visual Studio Solution File, Format Version 11.00
# Visual Studio 2010
Project("{FAE04EC0-301F-11D3-BF4B-00C04F79EFBC}") = "Assembly-CSharp", "Assembly-CSharp.csproj", "{ec106b3a-0172-d605-1225-2bcc2d7a0c47}"
EndProject
Project("{FAE04EC0-301F-11D3-BF4B-00C04F79EFBC}") = "Assembly-CSharp-Editor", "Assembly-CSharp-Editor.csproj", "{b8475cb0-2a82-9839-1c23-95b2dba60c84}"
EndProject
Global
	GlobalSection(SolutionConfigurationPlatforms) = preSolution
		Debug|Any CPU = Debug|Any CPU
	EndGlobalSection
	GlobalSection(ProjectConfigurationPlatforms) = postSolution
		{ec106b3a-0172-d605-1225-2bcc2d7a0c47}.Debug|Any CPU.ActiveCfg = Debug|Any CPU
		{ec106b3a-0172-d605-1225-2bcc2d7a0c47}.Debug|Any CPU.Build.0 = Debug|Any CPU
		{b8475cb0-2a82-9839-1c23-95b2dba60c84}.Debug|Any CPU.ActiveCfg = Debug|Any CPU
		{b8475cb0-2a82-9839-1c23-95b2dba60c84}.Debug|Any CPU.Build.0 = Debug|Any CPU
	EndGlobalSection
	GlobalSection(SolutionProperties) = preSolution
		HideSolutionNode = FALSE
	EndGlobalSection
EndGlobal
